
Microsoft Visual Studio Solution File, Format Version 12.00
# Visual Studio Version 17
VisualStudioVersion = 17.4.33603.86
MinimumVisualStudioVersion = 10.0.40219.1
Project("{FAE04EC0-301F-11D3-BF4B-00C04F79EFBC}") = "Aghili.Extensions.System.IO.Ports", "Aghili.Extensions.System.IO.Ports\Aghili.Extensions.System.IO.Ports.csproj", "{5627CD46-D86C-4B56-83E5-5972B1EF25DD}"
EndProject
Global
	GlobalSection(SolutionConfigurationPlatforms) = preSolution
		Debug|Any CPU = Debug|Any CPU
		Release|Any CPU = Release|Any CPU
	EndGlobalSection
	GlobalSection(ProjectConfigurationPlatforms) = postSolution
		{5627CD46-D86C-4B56-83E5-5972B1EF25DD}.Debug|Any CPU.ActiveCfg = Debug|Any CPU
		{5627CD46-D86C-4B56-83E5-5972B1EF25DD}.Debug|Any CPU.Build.0 = Debug|Any CPU
		{5627CD46-D86C-4B56-83E5-5972B1EF25DD}.Release|Any CPU.ActiveCfg = Release|Any CPU
		{5627CD46-D86C-4B56-83E5-5972B1EF25DD}.Release|Any CPU.Build.0 = Release|Any CPU
	EndGlobalSection
	GlobalSection(SolutionProperties) = preSolution
		HideSolutionNode = FALSE
	EndGlobalSection
	GlobalSection(ExtensibilityGlobals) = postSolution
		SolutionGuid = {914BB974-2645-425A-A956-D4E4B7257AF7}
	EndGlobalSection
EndGlobal
